
Microsoft Visual Studio Solution File, Format Version 12.00
# Visual Studio Version 16
VisualStudioVersion = 16.0.31313.79
MinimumVisualStudioVersion = 10.0.40219.1
Project("{FAE04EC0-301F-11D3-BF4B-00C04F79EFBC}") = "teste.savelog.api", "teste.savelog.api\teste.savelog.api.csproj", "{F06953CF-36BA-4F38-8AEB-8575E31BFE0F}"
EndProject
Global
	GlobalSection(SolutionConfigurationPlatforms) = preSolution
		Debug|Any CPU = Debug|Any CPU
		Release|Any CPU = Release|Any CPU
	EndGlobalSection
	GlobalSection(ProjectConfigurationPlatforms) = postSolution
		{F06953CF-36BA-4F38-8AEB-8575E31BFE0F}.Debug|Any CPU.ActiveCfg = Debug|Any CPU
		{F06953CF-36BA-4F38-8AEB-8575E31BFE0F}.Debug|Any CPU.Build.0 = Debug|Any CPU
		{F06953CF-36BA-4F38-8AEB-8575E31BFE0F}.Release|Any CPU.ActiveCfg = Release|Any CPU
		{F06953CF-36BA-4F38-8AEB-8575E31BFE0F}.Release|Any CPU.Build.0 = Release|Any CPU
	EndGlobalSection
	GlobalSection(SolutionProperties) = preSolution
		HideSolutionNode = FALSE
	EndGlobalSection
	GlobalSection(ExtensibilityGlobals) = postSolution
		SolutionGuid = {BD97844F-8490-4993-BE20-725F57C2F0F7}
	EndGlobalSection
EndGlobal
